{
    "_meta": {
        "hash": {
            "sha256": "dd56229cdc4fc0e7d2e6c2c5f8567349aafdbb2d193b6a4c1288e539222ff198"
        },
        "pipfile-spec": 6,
        "requires": {
            "python_version": "3.6"
        },
        "sources": [
            {
                "name": "pypi",
                "url": "https://pypi.org/simple",
                "verify_ssl": true
            }
        ]
    },
    "default": {
        "django": {
            "hashes": [
                "sha256:84f370f6acedbe1f3c41e1a02de44ac206efda3355e427139ecb785b5f596d80",
                "sha256:e8fe3c2b2212dce6126becab7a693157f1a441a07b62ec994c046c76af5bb66d"
            ],
            "index": "pypi",
            "version": "==2.2.13"
        },
        "easysnmp": {
            "hashes": [
                "sha256:56cd64ce8d73d46a39b6166a750b0d1452657acf96adb51702aa5fd041b20f93"
            ],
            "index": "pypi",
            "version": "==0.2.5"
        },
        "mock": {
            "hashes": [
                "sha256:3f9b2c0196c60d21838f307f5825a7b86b678cedc58ab9e50a8988187b4d81e0",
                "sha256:dd33eb70232b6118298d516bbcecd26704689c386594f0f3c4f13867b2c56f72"
            ],
            "version": "==4.0.2"
        },
        "pbr": {
            "hashes": [
                "sha256:07f558fece33b05caf857474a366dfcc00562bca13dd8b47b2b3e22d9f9bf55c",
                "sha256:579170e23f8e0c2f24b0de612f71f648eccb79fb1322c814ae6b3c07b5ba23e8"
            ],
            "version": "==5.4.5"
        },
        "ply": {
            "hashes": [
                "sha256:00c7c1aaa88358b9c765b6d3000c6eec0ba42abca5351b095321aef446081da3",
                "sha256:096f9b8350b65ebd2fd1346b12452efe5b9607f7482813ffca50c22722a807ce"
            ],
            "version": "==3.11"
        },
        "pytz": {
            "hashes": [
                "sha256:a494d53b6d39c3c6e44c3bec237336e14305e4f29bbf800b599253057fbb79ed",
                "sha256:c35965d010ce31b23eeb663ed3cc8c906275d6be1a34393a1d73a41febf4a048"
            ],
            "version": "==2020.1"
        },
        "pywbem": {
            "hashes": [
                "sha256:1c1dec6fbe1828d0873813b1e768dee3d6d14e0377d12ab8aa2c33c41507026c",
                "sha256:5ed6ac486a0a363848f2091a49ddc1c4e0871c6feb71766cc0e266e9c6fd084f"
            ],
            "index": "pypi",
            "version": "==0.14.6"
        },
        "pyyaml": {
            "hashes": [
                "sha256:06a0d7ba600ce0b2d2fe2e78453a470b5a6e000a985dd4a4e54e436cc36b0e97",
                "sha256:240097ff019d7c70a4922b6869d8a86407758333f02203e0fc6ff79c5dcede76",
                "sha256:4f4b913ca1a7319b33cfb1369e91e50354d6f07a135f3b901aca02aa95940bd2",
                "sha256:69f00dca373f240f842b2931fb2c7e14ddbacd1397d57157a9b005a6a9942648",
                "sha256:73f099454b799e05e5ab51423c7bcf361c58d3206fa7b0d555426b1f4d9a3eaf",
                "sha256:74809a57b329d6cc0fdccee6318f44b9b8649961fa73144a98735b0aaf029f1f",
                "sha256:7739fc0fa8205b3ee8808aea45e968bc90082c10aef6ea95e855e10abf4a37b2",
                "sha256:95f71d2af0ff4227885f7a6605c37fd53d3a106fcab511b8860ecca9fcf400ee",
                "sha256:b8eac752c5e14d3eca0e6dd9199cd627518cb5ec06add0de9d32baeee6fe645d",
                "sha256:cc8955cfbfc7a115fa81d85284ee61147059a753344bc51098f3ccd69b0d7e0c",
                "sha256:d13155f591e6fcc1ec3b30685d50bf0711574e2c0dfffd7644babf8b5102ca1a"
            ],
            "markers": "python_version >= '2.7'",
            "version": "==5.3.1"
        },
        "six": {
            "hashes": [
                "sha256:30639c035cdb23534cd4aa2dd52c3bf48f06e5f4a941509c8bafd8ce11080259",
                "sha256:8b74bedcbbbaca38ff6d7491d76f2b06b3592611af620f8426e82dddb04a5ced"
            ],
            "version": "==1.15.0"
        },
        "sqlparse": {
            "hashes": [
                "sha256:022fb9c87b524d1f7862b3037e541f68597a730a8843245c349fc93e1643dc4e",
                "sha256:e162203737712307dfe78860cc56c8da8a852ab2ee33750e33aeadf38d12c548"
            ],
            "version": "==0.3.1"
        }
    },
    "develop": {}
}
